
Microsoft Visual Studio Solution File, Format Version 12.00
# Visual Studio Version 17
VisualStudioVersion = 17.6.33829.357
MinimumVisualStudioVersion = 10.0.40219.1
Project("{9A19103F-16F7-4668-BE54-9A1E7A4F7556}") = "Emu8080Maui", "Emu8080Maui\Emu8080Maui.csproj", "{9FDBBF28-0C06-4943-83C9-06C71A48B123}"
EndProject
Project("{9A19103F-16F7-4668-BE54-9A1E7A4F7556}") = "Emu8080Bitmap", "Emu8080Bitmap\Emu8080Bitmap.csproj", "{3279391A-E735-4450-98A5-5316EAE81670}"
EndProject
Project("{9A19103F-16F7-4668-BE54-9A1E7A4F7556}") = "Emu8080Core", "Emu8080Core\Emu8080Core.csproj", "{06BB64C1-A79D-4130-AF1B-4000E1F059D9}"
EndProject
Project("{FAE04EC0-301F-11D3-BF4B-00C04F79EFBC}") = "Emu8080Tests", "Emu8080Tests\Emu8080Tests.csproj", "{3C5C30A8-46AB-4BD2-A1D1-C73BAB3F5202}"
EndProject
Global
	GlobalSection(SolutionConfigurationPlatforms) = preSolution
		Debug|Any CPU = Debug|Any CPU
		Release|Any CPU = Release|Any CPU
	EndGlobalSection
	GlobalSection(ProjectConfigurationPlatforms) = postSolution
		{9FDBBF28-0C06-4943-83C9-06C71A48B123}.Debug|Any CPU.ActiveCfg = Debug|Any CPU
		{9FDBBF28-0C06-4943-83C9-06C71A48B123}.Debug|Any CPU.Build.0 = Debug|Any CPU
		{9FDBBF28-0C06-4943-83C9-06C71A48B123}.Debug|Any CPU.Deploy.0 = Debug|Any CPU
		{9FDBBF28-0C06-4943-83C9-06C71A48B123}.Release|Any CPU.ActiveCfg = Release|Any CPU
		{9FDBBF28-0C06-4943-83C9-06C71A48B123}.Release|Any CPU.Build.0 = Release|Any CPU
		{3279391A-E735-4450-98A5-5316EAE81670}.Debug|Any CPU.ActiveCfg = Debug|Any CPU
		{3279391A-E735-4450-98A5-5316EAE81670}.Debug|Any CPU.Build.0 = Debug|Any CPU
		{3279391A-E735-4450-98A5-5316EAE81670}.Release|Any CPU.ActiveCfg = Release|Any CPU
		{3279391A-E735-4450-98A5-5316EAE81670}.Release|Any CPU.Build.0 = Release|Any CPU
		{06BB64C1-A79D-4130-AF1B-4000E1F059D9}.Debug|Any CPU.ActiveCfg = Debug|Any CPU
		{06BB64C1-A79D-4130-AF1B-4000E1F059D9}.Debug|Any CPU.Build.0 = Debug|Any CPU
		{06BB64C1-A79D-4130-AF1B-4000E1F059D9}.Release|Any CPU.ActiveCfg = Release|Any CPU
		{06BB64C1-A79D-4130-AF1B-4000E1F059D9}.Release|Any CPU.Build.0 = Release|Any CPU
		{3C5C30A8-46AB-4BD2-A1D1-C73BAB3F5202}.Debug|Any CPU.ActiveCfg = Debug|Any CPU
		{3C5C30A8-46AB-4BD2-A1D1-C73BAB3F5202}.Debug|Any CPU.Build.0 = Debug|Any CPU
		{3C5C30A8-46AB-4BD2-A1D1-C73BAB3F5202}.Release|Any CPU.ActiveCfg = Release|Any CPU
		{3C5C30A8-46AB-4BD2-A1D1-C73BAB3F5202}.Release|Any CPU.Build.0 = Release|Any CPU
	EndGlobalSection
	GlobalSection(SolutionProperties) = preSolution
		HideSolutionNode = FALSE
	EndGlobalSection
	GlobalSection(ExtensibilityGlobals) = postSolution
		SolutionGuid = {AC9BA188-7838-4AA3-BD22-182394D8591C}
	EndGlobalSection
EndGlobal
